
Microsoft Visual Studio Solution File, Format Version 12.00
# Visual Studio 15
VisualStudioVersion = 15.0.27428.1
MinimumVisualStudioVersion = 10.0.40219.1
Project("{FAE04EC0-301F-11D3-BF4B-00C04F79EFBC}") = "VangDeVolger", "VangDeVolger\VangDeVolger.csproj", "{06A3D48F-59CC-4C23-B156-C0DCA27CA2C8}"
EndProject
Global
	GlobalSection(SolutionConfigurationPlatforms) = preSolution
		Debug|Any CPU = Debug|Any CPU
		Release|Any CPU = Release|Any CPU
	EndGlobalSection
	GlobalSection(ProjectConfigurationPlatforms) = postSolution
		{06A3D48F-59CC-4C23-B156-C0DCA27CA2C8}.Debug|Any CPU.ActiveCfg = Debug|Any CPU
		{06A3D48F-59CC-4C23-B156-C0DCA27CA2C8}.Debug|Any CPU.Build.0 = Debug|Any CPU
		{06A3D48F-59CC-4C23-B156-C0DCA27CA2C8}.Release|Any CPU.ActiveCfg = Release|Any CPU
		{06A3D48F-59CC-4C23-B156-C0DCA27CA2C8}.Release|Any CPU.Build.0 = Release|Any CPU
	EndGlobalSection
	GlobalSection(SolutionProperties) = preSolution
		HideSolutionNode = FALSE
	EndGlobalSection
	GlobalSection(ExtensibilityGlobals) = postSolution
		SolutionGuid = {08C9C2F1-CE92-4D04-8ECD-F1AABED13DDA}
	EndGlobalSection
EndGlobal
