
Microsoft Visual Studio Solution File, Format Version 12.00
# Visual Studio 15
VisualStudioVersion = 15.0.27428.1
MinimumVisualStudioVersion = 10.0.40219.1
Project("{FAE04EC0-301F-11D3-BF4B-00C04F79EFBC}") = "VangDeVolger_v005", "VangDeVolger_v005\VangDeVolger_v005.csproj", "{873D18B3-2800-413B-B48A-C264DBF0283B}"
EndProject
Global
	GlobalSection(SolutionConfigurationPlatforms) = preSolution
		Debug|Any CPU = Debug|Any CPU
		Release|Any CPU = Release|Any CPU
	EndGlobalSection
	GlobalSection(ProjectConfigurationPlatforms) = postSolution
		{873D18B3-2800-413B-B48A-C264DBF0283B}.Debug|Any CPU.ActiveCfg = Debug|Any CPU
		{873D18B3-2800-413B-B48A-C264DBF0283B}.Debug|Any CPU.Build.0 = Debug|Any CPU
		{873D18B3-2800-413B-B48A-C264DBF0283B}.Release|Any CPU.ActiveCfg = Release|Any CPU
		{873D18B3-2800-413B-B48A-C264DBF0283B}.Release|Any CPU.Build.0 = Release|Any CPU
	EndGlobalSection
	GlobalSection(SolutionProperties) = preSolution
		HideSolutionNode = FALSE
	EndGlobalSection
	GlobalSection(ExtensibilityGlobals) = postSolution
		SolutionGuid = {20D3F2BD-15B2-41BB-9FC7-9FFED4C2F745}
	EndGlobalSection
EndGlobal
